
Microsoft Visual Studio Solution File, Format Version 12.00
# Visual Studio Version 17
VisualStudioVersion = 17.4.33205.214
MinimumVisualStudioVersion = 10.0.40219.1
Project("{9092AA53-FB77-4645-B42D-1CCCA6BD08BD}") = "AIChatBotWebApp", "AIChatBotWebApp\AIChatBotWebApp.njsproj", "{D8B0402E-C92B-4D7D-B867-80786530222A}"
EndProject
Global
	GlobalSection(SolutionConfigurationPlatforms) = preSolution
		Debug|Any CPU = Debug|Any CPU
		Release|Any CPU = Release|Any CPU
	EndGlobalSection
	GlobalSection(ProjectConfigurationPlatforms) = postSolution
		{D8B0402E-C92B-4D7D-B867-80786530222A}.Debug|Any CPU.ActiveCfg = Debug|Any CPU
		{D8B0402E-C92B-4D7D-B867-80786530222A}.Debug|Any CPU.Build.0 = Debug|Any CPU
		{D8B0402E-C92B-4D7D-B867-80786530222A}.Release|Any CPU.ActiveCfg = Release|Any CPU
		{D8B0402E-C92B-4D7D-B867-80786530222A}.Release|Any CPU.Build.0 = Release|Any CPU
	EndGlobalSection
	GlobalSection(SolutionProperties) = preSolution
		HideSolutionNode = FALSE
	EndGlobalSection
	GlobalSection(ExtensibilityGlobals) = postSolution
		SolutionGuid = {25485451-F5EF-48D7-A482-9754168A4E4A}
	EndGlobalSection
EndGlobal
